
Microsoft Visual Studio Solution File, Format Version 12.00
# Visual Studio Version 17
VisualStudioVersion = 17.14.36414.22
MinimumVisualStudioVersion = 10.0.40219.1
Project("{FAE04EC0-301F-11D3-BF4B-00C04F79EFBC}") = "Buscaminas", "Buscaminas\Buscaminas.csproj", "{D98FA49F-3CB4-4817-BF50-DF5EEA15F0CB}"
EndProject
Global
	GlobalSection(SolutionConfigurationPlatforms) = preSolution
		Debug|Any CPU = Debug|Any CPU
		Release|Any CPU = Release|Any CPU
	EndGlobalSection
	GlobalSection(ProjectConfigurationPlatforms) = postSolution
		{D98FA49F-3CB4-4817-BF50-DF5EEA15F0CB}.Debug|Any CPU.ActiveCfg = Debug|Any CPU
		{D98FA49F-3CB4-4817-BF50-DF5EEA15F0CB}.Debug|Any CPU.Build.0 = Debug|Any CPU
		{D98FA49F-3CB4-4817-BF50-DF5EEA15F0CB}.Release|Any CPU.ActiveCfg = Release|Any CPU
		{D98FA49F-3CB4-4817-BF50-DF5EEA15F0CB}.Release|Any CPU.Build.0 = Release|Any CPU
	EndGlobalSection
	GlobalSection(SolutionProperties) = preSolution
		HideSolutionNode = FALSE
	EndGlobalSection
	GlobalSection(ExtensibilityGlobals) = postSolution
		SolutionGuid = {8ED968B9-62AF-43E9-BCA4-2AB5AD43934D}
	EndGlobalSection
EndGlobal
